
Microsoft Visual Studio Solution File, Format Version 12.00
# Visual Studio Version 17
VisualStudioVersion = 17.14.36518.9 d17.14
MinimumVisualStudioVersion = 10.0.40219.1
Project("{FAE04EC0-301F-11D3-BF4B-00C04F79EFBC}") = "TrainingDiary", "TrainingDiary\TrainingDiary.csproj", "{8887530B-0EBA-4D2F-84DD-BB59C8F8C088}"
EndProject
Global
	GlobalSection(SolutionConfigurationPlatforms) = preSolution
		Debug|Any CPU = Debug|Any CPU
		Release|Any CPU = Release|Any CPU
	EndGlobalSection
	GlobalSection(ProjectConfigurationPlatforms) = postSolution
		{8887530B-0EBA-4D2F-84DD-BB59C8F8C088}.Debug|Any CPU.ActiveCfg = Debug|Any CPU
		{8887530B-0EBA-4D2F-84DD-BB59C8F8C088}.Debug|Any CPU.Build.0 = Debug|Any CPU
		{8887530B-0EBA-4D2F-84DD-BB59C8F8C088}.Release|Any CPU.ActiveCfg = Release|Any CPU
		{8887530B-0EBA-4D2F-84DD-BB59C8F8C088}.Release|Any CPU.Build.0 = Release|Any CPU
	EndGlobalSection
	GlobalSection(SolutionProperties) = preSolution
		HideSolutionNode = FALSE
	EndGlobalSection
	GlobalSection(ExtensibilityGlobals) = postSolution
		SolutionGuid = {9F6B2C3E-4E9A-4199-BC34-20CC85B8C00F}
	EndGlobalSection
EndGlobal
